PODS:
  - Masonry (1.1.0)
  - YUTableLayoutView (0.0.3):
    - Masonry

DEPENDENCIES:
  - YUTableLayoutView (= 0.0.3)

SPEC REPOS:
  https://github.com/CocoaPods/Specs.git:
    - Masonry
  https://github.com/Yanyuxxxx/YUBinRepo.git:
    - YUTableLayoutView

SPEC CHECKSUMS:
  Masonry: 678fab65091a9290e40e2832a55e7ab731aad201
  YUTableLayoutView: 6c046f1f54252aec1d430a8eac9be97540dacdef

PODFILE CHECKSUM: 7e29c8ccc9e2ef4e767d34bd6ee6f928bb49022d

COCOAPODS: 1.9.1
