PODS:
  - Masonry (1.1.0)
  - YUTableLayoutView (0.0.1):
    - Masonry

DEPENDENCIES:
  - YUTableLayoutView (from `../`)

SPEC REPOS:
  https://github.com/CocoaPods/Specs.git:
    - Masonry

EXTERNAL SOURCES:
  YUTableLayoutView:
    :path: "../"

SPEC CHECKSUMS:
  Masonry: 678fab65091a9290e40e2832a55e7ab731aad201
  YUTableLayoutView: 4220515d3a7fb5ae4c0e13452a810cd6f52d3eb7

PODFILE CHECKSUM: ea096e283f74590685c8f21961e535ec4f4e2f7b

COCOAPODS: 1.8.4
